
Microsoft Visual Studio Solution File, Format Version 12.00
# Visual Studio 15
VisualStudioVersion = 15.0.28306.52
MinimumVisualStudioVersion = 10.0.40219.1
Project("{9092AA53-FB77-4645-B42D-1CCCA6BD08BD}") = "snippet-demo", "snippet-demo\snippet-demo.njsproj", "{DB9083CC-14FB-46F4-8ECD-F29EDE4E5416}"
EndProject
Global
	GlobalSection(SolutionConfigurationPlatforms) = preSolution
		Debug|Any CPU = Debug|Any CPU
		Release|Any CPU = Release|Any CPU
	EndGlobalSection
	GlobalSection(ProjectConfigurationPlatforms) = postSolution
		{DB9083CC-14FB-46F4-8ECD-F29EDE4E5416}.Debug|Any CPU.ActiveCfg = Debug|Any CPU
		{DB9083CC-14FB-46F4-8ECD-F29EDE4E5416}.Debug|Any CPU.Build.0 = Debug|Any CPU
		{DB9083CC-14FB-46F4-8ECD-F29EDE4E5416}.Release|Any CPU.ActiveCfg = Release|Any CPU
		{DB9083CC-14FB-46F4-8ECD-F29EDE4E5416}.Release|Any CPU.Build.0 = Release|Any CPU
	EndGlobalSection
	GlobalSection(SolutionProperties) = preSolution
		HideSolutionNode = FALSE
	EndGlobalSection
	GlobalSection(ExtensibilityGlobals) = postSolution
		SolutionGuid = {908F9077-82BD-49D9-86B4-D81BE42DB8CB}
	EndGlobalSection
EndGlobal
